
Microsoft Visual Studio Solution File, Format Version 12.00
# Visual Studio Version 17
VisualStudioVersion = 17.0.31717.71
MinimumVisualStudioVersion = 10.0.40219.1
Project("{9A19103F-16F7-4668-BE54-9A1E7A4F7556}") = "eTactWeb", "eTactWeb\eTactWeb.csproj", "{47636365-E543-42A2-ABC0-618A53312D1F}"
	ProjectSection(ProjectDependencies) = postProject
		{7A525EB9-9DA8-A306-6315-8CA5D8CA51DF} = {7A525EB9-9DA8-A306-6315-8CA5D8CA51DF}
		{BF5CF16D-23AF-F91A-981E-8F9A2A1A83F2} = {BF5CF16D-23AF-F91A-981E-8F9A2A1A83F2}
		{E4EE2DB7-347C-1303-DA34-28BA30957B8E} = {E4EE2DB7-347C-1303-DA34-28BA30957B8E}
		{E74FBB3E-8E6A-CC14-1DCB-A5B3499CB1B9} = {E74FBB3E-8E6A-CC14-1DCB-A5B3499CB1B9}
		{E851B55F-9A77-0AD3-75F9-75C4181718BB} = {E851B55F-9A77-0AD3-75F9-75C4181718BB}
	EndProjectSection
EndProject
Project("{9A19103F-16F7-4668-BE54-9A1E7A4F7556}") = "eTactWeb.Services", "eTactWeb.Services\eTactWeb.Services.csproj", "{F7A6A62A-F7C1-4A62-BC56-279901DDCF60}"
EndProject
Project("{9A19103F-16F7-4668-BE54-9A1E7A4F7556}") = "eTactWeb.Data", "eTactWeb.Data\eTactWeb.Data.csproj", "{40ADFB1A-ED63-4765-8896-35D5A3352C30}"
EndProject
Project("{9A19103F-16F7-4668-BE54-9A1E7A4F7556}") = "eTactWeb.DOM", "eTactWeb.DOM\eTactWeb.DOM.csproj", "{62139ABF-D977-4400-B187-8342335AD2C4}"
EndProject
Project("{9A19103F-16F7-4668-BE54-9A1E7A4F7556}") = "eTactwebMasters", "eTactwebMasters\eTactwebMasters.csproj", "{9561F482-4A27-4512-A44C-D5BA403F2A60}"
EndProject
Project("{9A19103F-16F7-4668-BE54-9A1E7A4F7556}") = "eTactwebInventory", "eTactwebInventory\eTactwebInventory.csproj", "{FE4E39FB-DE39-CD86-A28E-3AA7F1EA9B99}"
EndProject
Project("{9A19103F-16F7-4668-BE54-9A1E7A4F7556}") = "eTactProduction", "eTactProduction\eTactProduction.csproj", "{7A525EB9-9DA8-A306-6315-8CA5D8CA51DF}"
EndProject
Project("{9A19103F-16F7-4668-BE54-9A1E7A4F7556}") = "eTactwebPurchase", "eTactwebPurchase\eTactwebPurchase.csproj", "{BF5CF16D-23AF-F91A-981E-8F9A2A1A83F2}"
EndProject
Project("{9A19103F-16F7-4668-BE54-9A1E7A4F7556}") = "eTactwebSales", "eTactwebSales\eTactwebSales.csproj", "{E851B55F-9A77-0AD3-75F9-75C4181718BB}"
EndProject
Project("{9A19103F-16F7-4668-BE54-9A1E7A4F7556}") = "eTactwebQuality", "eTactwebQuality\eTactwebQuality.csproj", "{E4EE2DB7-347C-1303-DA34-28BA30957B8E}"
EndProject
Project("{9A19103F-16F7-4668-BE54-9A1E7A4F7556}") = "eTactwebAccounts", "eTactwebAccounts\eTactwebAccounts.csproj", "{E74FBB3E-8E6A-CC14-1DCB-A5B3499CB1B9}"
EndProject
Project("{9A19103F-16F7-4668-BE54-9A1E7A4F7556}") = "eTactwebHR", "eTactwebHR\eTactwebHR.csproj", "{3712CADF-2D32-F887-D3D8-48D52AA2D00B}"
EndProject
Project("{2150E333-8FDC-42A3-9474-1A3956D46DE8}") = "Solution Items", "Solution Items", "{BDC45C4E-F796-4D05-B41D-9E60BD624D65}"
	ProjectSection(SolutionItems) = preProject
		.editorconfig = .editorconfig
	EndProjectSection
EndProject
Global
	GlobalSection(SolutionConfigurationPlatforms) = preSolution
		Debug|Any CPU = Debug|Any CPU
		Release|Any CPU = Release|Any CPU
	EndGlobalSection
	GlobalSection(ProjectConfigurationPlatforms) = postSolution
		{47636365-E543-42A2-ABC0-618A53312D1F}.Debug|Any CPU.ActiveCfg = Debug|Any CPU
		{47636365-E543-42A2-ABC0-618A53312D1F}.Debug|Any CPU.Build.0 = Debug|Any CPU
		{47636365-E543-42A2-ABC0-618A53312D1F}.Release|Any CPU.ActiveCfg = Release|Any CPU
		{47636365-E543-42A2-ABC0-618A53312D1F}.Release|Any CPU.Build.0 = Release|Any CPU
		{F7A6A62A-F7C1-4A62-BC56-279901DDCF60}.Debug|Any CPU.ActiveCfg = Debug|Any CPU
		{F7A6A62A-F7C1-4A62-BC56-279901DDCF60}.Debug|Any CPU.Build.0 = Debug|Any CPU
		{F7A6A62A-F7C1-4A62-BC56-279901DDCF60}.Release|Any CPU.ActiveCfg = Release|Any CPU
		{F7A6A62A-F7C1-4A62-BC56-279901DDCF60}.Release|Any CPU.Build.0 = Release|Any CPU
		{40ADFB1A-ED63-4765-8896-35D5A3352C30}.Debug|Any CPU.ActiveCfg = Debug|Any CPU
		{40ADFB1A-ED63-4765-8896-35D5A3352C30}.Debug|Any CPU.Build.0 = Debug|Any CPU
		{40ADFB1A-ED63-4765-8896-35D5A3352C30}.Release|Any CPU.ActiveCfg = Release|Any CPU
		{40ADFB1A-ED63-4765-8896-35D5A3352C30}.Release|Any CPU.Build.0 = Release|Any CPU
		{62139ABF-D977-4400-B187-8342335AD2C4}.Debug|Any CPU.ActiveCfg = Debug|Any CPU
		{62139ABF-D977-4400-B187-8342335AD2C4}.Debug|Any CPU.Build.0 = Debug|Any CPU
		{62139ABF-D977-4400-B187-8342335AD2C4}.Release|Any CPU.ActiveCfg = Release|Any CPU
		{62139ABF-D977-4400-B187-8342335AD2C4}.Release|Any CPU.Build.0 = Release|Any CPU
		{9561F482-4A27-4512-A44C-D5BA403F2A60}.Debug|Any CPU.ActiveCfg = Debug|Any CPU
		{9561F482-4A27-4512-A44C-D5BA403F2A60}.Debug|Any CPU.Build.0 = Debug|Any CPU
		{9561F482-4A27-4512-A44C-D5BA403F2A60}.Release|Any CPU.ActiveCfg = Release|Any CPU
		{9561F482-4A27-4512-A44C-D5BA403F2A60}.Release|Any CPU.Build.0 = Release|Any CPU
		{FE4E39FB-DE39-CD86-A28E-3AA7F1EA9B99}.Debug|Any CPU.ActiveCfg = Debug|Any CPU
		{FE4E39FB-DE39-CD86-A28E-3AA7F1EA9B99}.Debug|Any CPU.Build.0 = Debug|Any CPU
		{FE4E39FB-DE39-CD86-A28E-3AA7F1EA9B99}.Release|Any CPU.ActiveCfg = Release|Any CPU
		{FE4E39FB-DE39-CD86-A28E-3AA7F1EA9B99}.Release|Any CPU.Build.0 = Release|Any CPU
		{7A525EB9-9DA8-A306-6315-8CA5D8CA51DF}.Debug|Any CPU.ActiveCfg = Debug|Any CPU
		{7A525EB9-9DA8-A306-6315-8CA5D8CA51DF}.Debug|Any CPU.Build.0 = Debug|Any CPU
		{7A525EB9-9DA8-A306-6315-8CA5D8CA51DF}.Release|Any CPU.ActiveCfg = Release|Any CPU
		{7A525EB9-9DA8-A306-6315-8CA5D8CA51DF}.Release|Any CPU.Build.0 = Release|Any CPU
		{BF5CF16D-23AF-F91A-981E-8F9A2A1A83F2}.Debug|Any CPU.ActiveCfg = Debug|Any CPU
		{BF5CF16D-23AF-F91A-981E-8F9A2A1A83F2}.Debug|Any CPU.Build.0 = Debug|Any CPU
		{BF5CF16D-23AF-F91A-981E-8F9A2A1A83F2}.Release|Any CPU.ActiveCfg = Release|Any CPU
		{BF5CF16D-23AF-F91A-981E-8F9A2A1A83F2}.Release|Any CPU.Build.0 = Release|Any CPU
		{E851B55F-9A77-0AD3-75F9-75C4181718BB}.Debug|Any CPU.ActiveCfg = Debug|Any CPU
		{E851B55F-9A77-0AD3-75F9-75C4181718BB}.Debug|Any CPU.Build.0 = Debug|Any CPU
		{E851B55F-9A77-0AD3-75F9-75C4181718BB}.Release|Any CPU.ActiveCfg = Release|Any CPU
		{E851B55F-9A77-0AD3-75F9-75C4181718BB}.Release|Any CPU.Build.0 = Release|Any CPU
		{E4EE2DB7-347C-1303-DA34-28BA30957B8E}.Debug|Any CPU.ActiveCfg = Debug|Any CPU
		{E4EE2DB7-347C-1303-DA34-28BA30957B8E}.Debug|Any CPU.Build.0 = Debug|Any CPU
		{E4EE2DB7-347C-1303-DA34-28BA30957B8E}.Release|Any CPU.ActiveCfg = Release|Any CPU
		{E4EE2DB7-347C-1303-DA34-28BA30957B8E}.Release|Any CPU.Build.0 = Release|Any CPU
		{E74FBB3E-8E6A-CC14-1DCB-A5B3499CB1B9}.Debug|Any CPU.ActiveCfg = Debug|Any CPU
		{E74FBB3E-8E6A-CC14-1DCB-A5B3499CB1B9}.Debug|Any CPU.Build.0 = Debug|Any CPU
		{E74FBB3E-8E6A-CC14-1DCB-A5B3499CB1B9}.Release|Any CPU.ActiveCfg = Release|Any CPU
		{E74FBB3E-8E6A-CC14-1DCB-A5B3499CB1B9}.Release|Any CPU.Build.0 = Release|Any CPU
		{3712CADF-2D32-F887-D3D8-48D52AA2D00B}.Debug|Any CPU.ActiveCfg = Debug|Any CPU
		{3712CADF-2D32-F887-D3D8-48D52AA2D00B}.Debug|Any CPU.Build.0 = Debug|Any CPU
		{3712CADF-2D32-F887-D3D8-48D52AA2D00B}.Release|Any CPU.ActiveCfg = Release|Any CPU
		{3712CADF-2D32-F887-D3D8-48D52AA2D00B}.Release|Any CPU.Build.0 = Release|Any CPU
	EndGlobalSection
	GlobalSection(SolutionProperties) = preSolution
		HideSolutionNode = FALSE
	EndGlobalSection
	GlobalSection(ExtensibilityGlobals) = postSolution
		SolutionGuid = {58BFADF1-FAD7-4684-B2FB-D1CEEFDA11CE}
	EndGlobalSection
EndGlobal
